
Microsoft Visual Studio Solution File, Format Version 12.00
# Visual Studio Version 17
VisualStudioVersion = 17.0.31903.59
MinimumVisualStudioVersion = 10.0.40219.1
Project("{FAE04EC0-301F-11D3-BF4B-00C04F79EFBC}") = "API", "API\API.csproj", "{2CC58669-E70A-4FC4-9138-07D503E3573E}"
EndProject
Project("{FAE04EC0-301F-11D3-BF4B-00C04F79EFBC}") = "Application", "Application\Application.csproj", "{D0DB54E6-AD8D-4F22-B1A1-B4FA2732C428}"
EndProject
Project("{FAE04EC0-301F-11D3-BF4B-00C04F79EFBC}") = "Domain", "Domain\Domain.csproj", "{9ED7A7AF-A972-45C8-9BC3-03AFA07405BD}"
EndProject
Project("{FAE04EC0-301F-11D3-BF4B-00C04F79EFBC}") = "Persistence", "Persistence\Persistence.csproj", "{84F34288-3DA0-41C6-9B18-38785D08B85C}"
EndProject
Global
	GlobalSection(SolutionConfigurationPlatforms) = preSolution
		Debug|Any CPU = Debug|Any CPU
		Release|Any CPU = Release|Any CPU
	EndGlobalSection
	GlobalSection(SolutionProperties) = preSolution
		HideSolutionNode = FALSE
	EndGlobalSection
	GlobalSection(ProjectConfigurationPlatforms) = postSolution
		{2CC58669-E70A-4FC4-9138-07D503E3573E}.Debug|Any CPU.ActiveCfg = Debug|Any CPU
		{2CC58669-E70A-4FC4-9138-07D503E3573E}.Debug|Any CPU.Build.0 = Debug|Any CPU
		{2CC58669-E70A-4FC4-9138-07D503E3573E}.Release|Any CPU.ActiveCfg = Release|Any CPU
		{2CC58669-E70A-4FC4-9138-07D503E3573E}.Release|Any CPU.Build.0 = Release|Any CPU
		{D0DB54E6-AD8D-4F22-B1A1-B4FA2732C428}.Debug|Any CPU.ActiveCfg = Debug|Any CPU
		{D0DB54E6-AD8D-4F22-B1A1-B4FA2732C428}.Debug|Any CPU.Build.0 = Debug|Any CPU
		{D0DB54E6-AD8D-4F22-B1A1-B4FA2732C428}.Release|Any CPU.ActiveCfg = Release|Any CPU
		{D0DB54E6-AD8D-4F22-B1A1-B4FA2732C428}.Release|Any CPU.Build.0 = Release|Any CPU
		{9ED7A7AF-A972-45C8-9BC3-03AFA07405BD}.Debug|Any CPU.ActiveCfg = Debug|Any CPU
		{9ED7A7AF-A972-45C8-9BC3-03AFA07405BD}.Debug|Any CPU.Build.0 = Debug|Any CPU
		{9ED7A7AF-A972-45C8-9BC3-03AFA07405BD}.Release|Any CPU.ActiveCfg = Release|Any CPU
		{9ED7A7AF-A972-45C8-9BC3-03AFA07405BD}.Release|Any CPU.Build.0 = Release|Any CPU
		{84F34288-3DA0-41C6-9B18-38785D08B85C}.Debug|Any CPU.ActiveCfg = Debug|Any CPU
		{84F34288-3DA0-41C6-9B18-38785D08B85C}.Debug|Any CPU.Build.0 = Debug|Any CPU
		{84F34288-3DA0-41C6-9B18-38785D08B85C}.Release|Any CPU.ActiveCfg = Release|Any CPU
		{84F34288-3DA0-41C6-9B18-38785D08B85C}.Release|Any CPU.Build.0 = Release|Any CPU
	EndGlobalSection
EndGlobal
